# THIS IS AN AUTOGENERATED FILE. DO NOT EDIT THIS FILE DIRECTLY.
# yarn lockfile v1


"@casper2020/casper-icons@^1.x":
  version "1.13.2"
  resolved "https://registry.yarnpkg.com/@casper2020/casper-icons/-/casper-icons-1.13.2.tgz#e72427c1171f78ba42cd6ecb6d4867f339c884bb"
  integrity sha512-l6RqoBA5wrDYUdWkUcoluAMD5AXTH/Bw9Lkgtn+gxMv2vq4eAR0ZNMsGhmYGjjUXEWB4wKskd5gCa053Lpfz1w==
  dependencies:
    "@polymer/iron-icons" "^3.x"
    "@polymer/polymer" "^3.x"

"@casper2020/casper-overlay-behavior@^1.x":
  version "1.0.0"
  resolved "https://registry.yarnpkg.com/@casper2020/casper-overlay-behavior/-/casper-overlay-behavior-1.0.0.tgz#a436b62700631fbbca0e72afa6d97859058813a7"
  integrity sha512-mSzHjid+pMGdmEsWpuWPrKnglEtinqLIEeun/PBkWLMZBveewrcS7vbyVryUd8G5OiIHLW0DRW42De4GgnO5Uw==
  dependencies:
    "@polymer/iron-overlay-behavior" "^3.x"

"@polymer/font-roboto@^3.0.1":
  version "3.0.2"
  resolved "https://registry.yarnpkg.com/@polymer/font-roboto/-/font-roboto-3.0.2.tgz#80cdaa7225db2359130dfb2c6d9a3be1820020c3"
  integrity sha512-tx5TauYSmzsIvmSqepUPDYbs4/Ejz2XbZ1IkD7JEGqkdNUJlh+9KU85G56Tfdk/xjEZ8zorFfN09OSwiMrIQWA==

"@polymer/iron-a11y-announcer@^3.0.0", "@polymer/iron-a11y-announcer@^3.0.0-pre.26":
  version "3.0.2"
  resolved "https://registry.yarnpkg.com/@polymer/iron-a11y-announcer/-/iron-a11y-announcer-3.0.2.tgz#730dd36ccb2e042ecd5160ba439c2bf2f8a97412"
  integrity sha512-LqnMF39mXyxSSRbTHRzGbcJS8nU0NVTo2raBOgOlpxw5yfGJUVcwaTJ/qy5NtWCZLRfa4suycf0oAkuUjHTXHQ==
  dependencies:
    "@polymer/polymer" "^3.0.0"

"@polymer/iron-a11y-keys-behavior@^3.0.0", "@polymer/iron-a11y-keys-behavior@^3.0.0-pre.26":
  version "3.0.1"
  resolved "https://registry.yarnpkg.com/@polymer/iron-a11y-keys-behavior/-/iron-a11y-keys-behavior-3.0.1.tgz#2868ea72912d2007ffab4734684a91f5aac49b84"
  integrity sha512-lnrjKq3ysbBPT/74l0Fj0U9H9C35Tpw2C/tpJ8a+5g8Y3YJs1WSZYnEl1yOkw6sEyaxOq/1DkzH0+60gGu5/PQ==
  dependencies:
    "@polymer/polymer" "^3.0.0"

"@polymer/iron-autogrow-textarea@^3.0.0-pre.26":
  version "3.0.1"
  resolved "https://registry.yarnpkg.com/@polymer/iron-autogrow-textarea/-/iron-autogrow-textarea-3.0.1.tgz#0205d9c5ca16f3afd505f41e9037989707d59dce"
  integrity sha512-FgSL7APrOSL9Vu812sBCFlQ17hvnJsBAV2C2e1UAiaHhB+dyfLq8gGdGUpqVWuGJ50q4Y/49QwCNnLf85AdVYA==
  dependencies:
    "@polymer/iron-behaviors" "^3.0.0-pre.26"
    "@polymer/iron-flex-layout" "^3.0.0-pre.26"
    "@polymer/iron-validatable-behavior" "^3.0.0-pre.26"
    "@polymer/polymer" "^3.0.0"

"@polymer/iron-behaviors@^3.0.0-pre.26":
  version "3.0.1"
  resolved "https://registry.yarnpkg.com/@polymer/iron-behaviors/-/iron-behaviors-3.0.1.tgz#a3b6f876779a7f0a91a15e4423890968b6525901"
  integrity sha512-IMEwcv1lhf1HSQxuyWOUIL0lOBwmeaoSTpgCJeP9IBYnuB1SPQngmfRuHKgK6/m9LQ9F9miC7p3HeQQUdKAE0w==
  dependencies:
    "@polymer/iron-a11y-keys-behavior" "^3.0.0-pre.26"
    "@polymer/polymer" "^3.0.0"

"@polymer/iron-fit-behavior@^3.0.0-pre.26":
  version "3.0.2"
  resolved "https://registry.yarnpkg.com/@polymer/iron-fit-behavior/-/iron-fit-behavior-3.0.2.tgz#2ec460d8a6b0151394b55631a72a68b92e14e2e0"
  integrity sha512-JndryJYbBR3gSN5IlST4rCHsd01+OyvYpRO6z5Zd3C6u5V/m07TwAtcf3aXwZ8WBNt2eLG28OcvdSO7XR2v2pg==
  dependencies:
    "@polymer/polymer" "^3.0.0"

"@polymer/iron-flex-layout@^3.0.0-pre.26":
  version "3.0.1"
  resolved "https://registry.yarnpkg.com/@polymer/iron-flex-layout/-/iron-flex-layout-3.0.1.tgz#36f9e1a8eb792d279b2bc75d362628721ad37f0c"
  integrity sha512-7gB869czArF+HZcPTVSgvA7tXYFze9EKckvM95NB7SqYF+NnsQyhoXgKnpFwGyo95lUjUW9TFDLUwDXnCYFtkw==
  dependencies:
    "@polymer/polymer" "^3.0.0"

"@polymer/iron-form-element-behavior@^3.0.0-pre.26":
  version "3.0.1"
  resolved "https://registry.yarnpkg.com/@polymer/iron-form-element-behavior/-/iron-form-element-behavior-3.0.1.tgz#4c79e1981d7796ce659e997f3b8f5e14b4a075a4"
  integrity sha512-G/e2KXyL5AY7mMjmomHkGpgS0uAf4ovNpKhkuUTRnMuMJuf589bKqE85KN4ovE1Tzhv2hJoh/igyD6ekHiYU1A==
  dependencies:
    "@polymer/polymer" "^3.0.0"

"@polymer/iron-icon@^3.0.0", "@polymer/iron-icon@^3.0.0-pre.26":
  version "3.0.1"
  resolved "https://registry.yarnpkg.com/@polymer/iron-icon/-/iron-icon-3.0.1.tgz#93211c39d8825fe4965a68419566036c1df291eb"
  integrity sha512-QLPwirk+UPZNaLnMew9VludXA4CWUCenRewgEcGYwdzVgDPCDbXxy6vRJjmweZobMQv/oVLppT2JZtJFnPxX6g==
  dependencies:
    "@polymer/iron-flex-layout" "^3.0.0-pre.26"
    "@polymer/iron-meta" "^3.0.0-pre.26"
    "@polymer/polymer" "^3.0.0"

"@polymer/iron-icons@^3.x":
  version "3.0.1"
  resolved "https://registry.yarnpkg.com/@polymer/iron-icons/-/iron-icons-3.0.1.tgz#c1bd31d8483afbdb5422cdc384081e19c9267cfe"
  integrity sha512-xtEI8erH2GIBiF3QxEMyW81XuVjguu6Le5WjEEpX67qd9z7jjmc4T/ke3zRUlnDydex9p8ytcwVpMIKcyvjYAQ==
  dependencies:
    "@polymer/iron-icon" "^3.0.0-pre.26"
    "@polymer/iron-iconset-svg" "^3.0.0-pre.26"
    "@polymer/polymer" "^3.0.0"

"@polymer/iron-iconset-svg@^3.0.0", "@polymer/iron-iconset-svg@^3.0.0-pre.26":
  version "3.0.1"
  resolved "https://registry.yarnpkg.com/@polymer/iron-iconset-svg/-/iron-iconset-svg-3.0.1.tgz#568d6e7dbc120299dae63be3600aeba0d30ddbea"
  integrity sha512-XNwURbNHRw6u2fJe05O5fMYye6GSgDlDqCO+q6K1zAnKIrpgZwf2vTkBd5uCcZwsN0FyCB3mvNZx4jkh85dRDw==
  dependencies:
    "@polymer/iron-meta" "^3.0.0-pre.26"
    "@polymer/polymer" "^3.0.0"

"@polymer/iron-input@^3.0.0-pre.26":
  version "3.0.1"
  resolved "https://registry.yarnpkg.com/@polymer/iron-input/-/iron-input-3.0.1.tgz#dc866a25107f9b38d9ca4512dd9a3e51b78b4915"
  integrity sha512-WLx13kEcbH9GKbj9+pWR6pbJkA5kxn3796ynx6eQd2rueMyUfVTR3GzOvadBKsciUuIuzrxpBWZ2+3UcueVUQQ==
  dependencies:
    "@polymer/iron-a11y-announcer" "^3.0.0-pre.26"
    "@polymer/iron-validatable-behavior" "^3.0.0-pre.26"
    "@polymer/polymer" "^3.0.0"

"@polymer/iron-media-query@^3.0.0":
  version "3.0.1"
  resolved "https://registry.yarnpkg.com/@polymer/iron-media-query/-/iron-media-query-3.0.1.tgz#5cd8a1c1e8c9b8bafd3dd5da14e0f8d2cfa76d83"
  integrity sha512-czUX1pm1zfmfcZtq5J57XFkcobBv08Y50exp0/3v8Bos5VL/jv2tU0RwiTfDBxUMhjicGbgwEBFQPY2V5DMzyw==
  dependencies:
    "@polymer/polymer" "^3.0.0"

"@polymer/iron-meta@^3.0.0-pre.26":
  version "3.0.1"
  resolved "https://registry.yarnpkg.com/@polymer/iron-meta/-/iron-meta-3.0.1.tgz#7f140628d127b0a284f882f1bb323a261bc125f5"
  integrity sha512-pWguPugiLYmWFV9UWxLWzZ6gm4wBwQdDy4VULKwdHCqR7OP7u98h+XDdGZsSlDPv6qoryV/e3tGHlTIT0mbzJA==
  dependencies:
    "@polymer/polymer" "^3.0.0"

"@polymer/iron-overlay-behavior@^3.x":
  version "3.0.3"
  resolved "https://registry.yarnpkg.com/@polymer/iron-overlay-behavior/-/iron-overlay-behavior-3.0.3.tgz#29c198e19e05bb2bcf7d86d3c11848cb93301d00"
  integrity sha512-Q/Fp0+uOQQ145ebZ7T8Cxl4m1tUKYjyymkjcL2rXUm+aDQGb1wA1M1LYxUF5YBqd+9lipE0PTIiYwA2ZL/sznA==
  dependencies:
    "@polymer/iron-a11y-keys-behavior" "^3.0.0-pre.26"
    "@polymer/iron-fit-behavior" "^3.0.0-pre.26"
    "@polymer/iron-resizable-behavior" "^3.0.0-pre.26"
    "@polymer/polymer" "^3.0.0"

"@polymer/iron-resizable-behavior@^3.0.0", "@polymer/iron-resizable-behavior@^3.0.0-pre.26":
  version "3.0.1"
  resolved "https://registry.yarnpkg.com/@polymer/iron-resizable-behavior/-/iron-resizable-behavior-3.0.1.tgz#e284348ed7c1c7e263f7039297532fa954025ea2"
  integrity sha512-FyHxRxFspVoRaeZSWpT3y0C9awomb4tXXolIJcZ7RvXhMP632V5lez+ch5G5SwK0LpnAPkg35eB0LPMFv+YMMQ==
  dependencies:
    "@polymer/polymer" "^3.0.0"

"@polymer/iron-validatable-behavior@^3.0.0-pre.26":
  version "3.0.1"
  resolved "https://registry.yarnpkg.com/@polymer/iron-validatable-behavior/-/iron-validatable-behavior-3.0.1.tgz#73538f005a07741c31b6fc1e981168c3d3e0d92b"
  integrity sha512-wwpYh6wOa4fNI+jH5EYKC7TVPYQ2OfgQqocWat7GsNWcsblKYhLYbwsvEY5nO0n2xKqNfZzDLrUom5INJN7msQ==
  dependencies:
    "@polymer/iron-meta" "^3.0.0-pre.26"
    "@polymer/polymer" "^3.0.0"

"@polymer/paper-input@^3.x":
  version "3.1.0"
  resolved "https://registry.yarnpkg.com/@polymer/paper-input/-/paper-input-3.1.0.tgz#8e854670650d4b031b4cad5adda70c62448fa2c2"
  integrity sha512-6h53K7ijaZAKuyZFhyfzu94XUUqNu9pv2q9/Sz8pTb3i4PAk2l399I+ZlhmGRMElocPUQZbciTc5eD7eyH5wsQ==
  dependencies:
    "@polymer/iron-a11y-keys-behavior" "^3.0.0-pre.26"
    "@polymer/iron-autogrow-textarea" "^3.0.0-pre.26"
    "@polymer/iron-behaviors" "^3.0.0-pre.26"
    "@polymer/iron-form-element-behavior" "^3.0.0-pre.26"
    "@polymer/iron-input" "^3.0.0-pre.26"
    "@polymer/paper-styles" "^3.0.0-pre.26"
    "@polymer/polymer" "^3.0.0"

"@polymer/paper-styles@^3.0.0-pre.26":
  version "3.0.1"
  resolved "https://registry.yarnpkg.com/@polymer/paper-styles/-/paper-styles-3.0.1.tgz#bd4962b83ab8432cd1cf197bb5222d3a08f135e1"
  integrity sha512-y6hmObLqlCx602TQiSBKHqjwkE7xmDiFkoxdYGaNjtv4xcysOTdVJsDR/R9UHwIaxJ7gHlthMSykir1nv78++g==
  dependencies:
    "@polymer/font-roboto" "^3.0.1"
    "@polymer/iron-flex-layout" "^3.0.0-pre.26"
    "@polymer/polymer" "^3.0.0"

"@polymer/polymer@^3.0.0", "@polymer/polymer@^3.x":
  version "3.3.1"
  resolved "https://registry.yarnpkg.com/@polymer/polymer/-/polymer-3.3.1.tgz#9ad48992d2a96775f80b0673f3a615d6df8a3dfc"
  integrity sha512-8KaB48tzyMjdsHdxo5KvCAaqmTe7rYDzQAoj/pyEfq9Fp4YfUaS+/xqwYj0GbiDAUNzwkmEQ7dw9cgnRNdKO8A==
  dependencies:
    "@webcomponents/shadycss" "^1.9.1"

"@vaadin/vaadin-button@^2.1.0":
  version "2.2.1"
  resolved "https://registry.yarnpkg.com/@vaadin/vaadin-button/-/vaadin-button-2.2.1.tgz#129b585d176053289b13451767495727b2201763"
  integrity sha512-FjgC/NIRkmV5PVaZz4qvS7h8AJpAStcutZhn71gBeKVyKvSG4QUzZo1cP5XK050ZVOIQA/LFGimZfHVqJV350Q==
  dependencies:
    "@polymer/polymer" "^3.0.0"
    "@vaadin/vaadin-control-state-mixin" "^2.1.1"
    "@vaadin/vaadin-element-mixin" "^2.0.0"
    "@vaadin/vaadin-lumo-styles" "^1.3.3"
    "@vaadin/vaadin-material-styles" "^1.2.0"
    "@vaadin/vaadin-themable-mixin" "^1.2.1"

"@vaadin/vaadin-control-state-mixin@^2.1.1":
  version "2.1.3"
  resolved "https://registry.yarnpkg.com/@vaadin/vaadin-control-state-mixin/-/vaadin-control-state-mixin-2.1.3.tgz#509998350611651acfa8db1506fc12d925861b48"
  integrity sha512-EtLfMN9i/gwToAEuW6E1OA2Q2i/4a+Il6tKkqE/0i7bgu3Xr1IITMcagQn9QSsp1Xkpr/nLtWWKRq7yZZkbHVg==
  dependencies:
    "@polymer/polymer" "^3.0.0"

"@vaadin/vaadin-date-picker@^4.x":
  version "4.0.5"
  resolved "https://registry.yarnpkg.com/@vaadin/vaadin-date-picker/-/vaadin-date-picker-4.0.5.tgz#9a8392ed6ed1f6d5d0fddf493e55ecce53a71337"
  integrity sha512-SZcUFHTjjuwhhXylRr95JMsNWIV+/PpCW9ltwYtFcaHAlHjhaXySyWowKlfvg5Khe85CvMpp1fK0MaHJoTT3Kw==
  dependencies:
    "@polymer/iron-a11y-announcer" "^3.0.0"
    "@polymer/iron-a11y-keys-behavior" "^3.0.0"
    "@polymer/iron-media-query" "^3.0.0"
    "@polymer/iron-resizable-behavior" "^3.0.0"
    "@polymer/polymer" "^3.0.0"
    "@vaadin/vaadin-button" "^2.1.0"
    "@vaadin/vaadin-control-state-mixin" "^2.1.1"
    "@vaadin/vaadin-element-mixin" "^2.0.0"
    "@vaadin/vaadin-lumo-styles" "^1.4.1"
    "@vaadin/vaadin-material-styles" "^1.1.2"
    "@vaadin/vaadin-overlay" "^3.2.0"
    "@vaadin/vaadin-text-field" "^2.3.0"
    "@vaadin/vaadin-themable-mixin" "^1.3.2"

"@vaadin/vaadin-development-mode-detector@^2.0.0":
  version "2.0.4"
  resolved "https://registry.yarnpkg.com/@vaadin/vaadin-development-mode-detector/-/vaadin-development-mode-detector-2.0.4.tgz#f49c8009856bead92d248377c36b295b5aae78e5"
  integrity sha512-S+PaFrZpK8uBIOnIHxjntTrgumd5ztuCnZww96ydGKXgo9whXfZsbMwDuD/102a/IuPUMyF+dh/n3PbWzJ6igA==

"@vaadin/vaadin-element-mixin@^2.0.0":
  version "2.2.0"
  resolved "https://registry.yarnpkg.com/@vaadin/vaadin-element-mixin/-/vaadin-element-mixin-2.2.0.tgz#191285d43ea55b453cbc0961bc10579ecf16d049"
  integrity sha512-8IwH1iSlv3G+1ak08RFg/8smh5zfIANpPZJLLzixW7iBDJaIlWPMzplxnDz5o7GcoYrmpo26e2deKeu4rpEMwg==
  dependencies:
    "@polymer/polymer" "^3.0.0"
    "@vaadin/vaadin-development-mode-detector" "^2.0.0"
    "@vaadin/vaadin-usage-statistics" "^2.1.0"

"@vaadin/vaadin-lumo-styles@^1.2.0", "@vaadin/vaadin-lumo-styles@^1.3.0", "@vaadin/vaadin-lumo-styles@^1.3.3", "@vaadin/vaadin-lumo-styles@^1.4.1":
  version "1.5.0"
  resolved "https://registry.yarnpkg.com/@vaadin/vaadin-lumo-styles/-/vaadin-lumo-styles-1.5.0.tgz#8dec3c4aefea347431c8d184caf72406ea20c564"
  integrity sha512-9e9n7rH5IlzsAhRWvBt6C8roXbdNILKyKMJPwbN9I6zsPwzFhG5y2y5IY59Q5Ijj8aXvHuLV+Icjogc+2KU5fg==
  dependencies:
    "@polymer/iron-icon" "^3.0.0"
    "@polymer/iron-iconset-svg" "^3.0.0"
    "@polymer/polymer" "^3.0.0"

"@vaadin/vaadin-material-styles@^1.1.2", "@vaadin/vaadin-material-styles@^1.2.0":
  version "1.2.3"
  resolved "https://registry.yarnpkg.com/@vaadin/vaadin-material-styles/-/vaadin-material-styles-1.2.3.tgz#b769a39a89696f76b87bea607b0168edf7b374b8"
  integrity sha512-hWtnfNPANPU3UJmyIXuu2pH8R60LtnUzTZ0o2lupvxyc5IR0qFZMnB1m0xQBdBTje44xxCRaHeJATrwpzsOeMQ==
  dependencies:
    "@polymer/polymer" "^3.0.0"

"@vaadin/vaadin-overlay@^3.2.0":
  version "3.2.16"
  resolved "https://registry.yarnpkg.com/@vaadin/vaadin-overlay/-/vaadin-overlay-3.2.16.tgz#0fbdaee237afd66157060869bd0c7012c6331bb1"
  integrity sha512-wyXDs8A/7Dcld2AkcPUN+JLzHyulzT7jOUnhi9LFLpcfz+6qrgLIF/ZUIh1C3hz+KPopJi1Kboo+Icj+rBfD3w==
  dependencies:
    "@polymer/polymer" "^3.0.0"
    "@vaadin/vaadin-lumo-styles" "^1.3.0"
    "@vaadin/vaadin-material-styles" "^1.2.0"
    "@vaadin/vaadin-themable-mixin" "^1.2.1"

"@vaadin/vaadin-text-field@^2.3.0":
  version "2.5.3"
  resolved "https://registry.yarnpkg.com/@vaadin/vaadin-text-field/-/vaadin-text-field-2.5.3.tgz#ce1fb9915d3a88f03da2f60888e99a2b1dd8cfa2"
  integrity sha512-jWCaKA0KLeb6v2R823Bk7V0jB1qLIAoG/z/wHzkkfqGwzvluBZJ9azri3sRuUZveALIrk4cU1qkfzo8GkppHuw==
  dependencies:
    "@polymer/polymer" "^3.0.0"
    "@vaadin/vaadin-control-state-mixin" "^2.1.1"
    "@vaadin/vaadin-element-mixin" "^2.0.0"
    "@vaadin/vaadin-lumo-styles" "^1.2.0"
    "@vaadin/vaadin-material-styles" "^1.2.0"
    "@vaadin/vaadin-themable-mixin" "^1.2.1"

"@vaadin/vaadin-themable-mixin@^1.2.1", "@vaadin/vaadin-themable-mixin@^1.3.2":
  version "1.5.2"
  resolved "https://registry.yarnpkg.com/@vaadin/vaadin-themable-mixin/-/vaadin-themable-mixin-1.5.2.tgz#3fc4ec1180f8032c8025fe70053deacbeffd7f62"
  integrity sha512-3EsVOhE5lo/nRyX27+nOyPNsV5TtKInTKirldUqucGZZtcyWT4ZxqAxswIz3bAolnb17UDb8eJKHOH6ERMLEhg==
  dependencies:
    "@polymer/polymer" "^3.0.0"
    lit-element "^2.0.0"

"@vaadin/vaadin-usage-statistics@^2.1.0":
  version "2.1.0"
  resolved "https://registry.yarnpkg.com/@vaadin/vaadin-usage-statistics/-/vaadin-usage-statistics-2.1.0.tgz#9c0fd71dded80f401bcdfbcb3f45b5640fc4256d"
  integrity sha512-e81nbqY5zsaYhLJuOVkJkB/Um1pGK5POIqIlTNhUfjeoyGaJ63tiX8+D5n6F+GgVxUTLUarsKa6SKRcQel0AzA==
  dependencies:
    "@vaadin/vaadin-development-mode-detector" "^2.0.0"

"@webcomponents/shadycss@^1.9.1":
  version "1.9.3"
  resolved "https://registry.yarnpkg.com/@webcomponents/shadycss/-/shadycss-1.9.3.tgz#74ee4be13f5374724aecb3d2c2de77523e01ada9"
  integrity sha512-fRuET+UGrH84hG0UF4iHbFqWZKUoan4/ki+iCOJ/vnKltPSHv/ZVbcA6sT/pRreznt8aKEGqN2KdHvgRxn4xjA==

"@webcomponents/webcomponentsjs@^2.0.0":
  version "2.4.0"
  resolved "https://registry.yarnpkg.com/@webcomponents/webcomponentsjs/-/webcomponentsjs-2.4.0.tgz#e9dd031d24c234eff8824f7560e5c0c605d3d6a0"
  integrity sha512-kEClEz2nu9/i6SvyBJTV4pCc6CyCzMhK7zEeJ6QhiJoulBp4YZ06Zfj2E2HUXfWfHJIjtKriJYMtfhettKEjEg==

has-flag@^1.0.0:
  version "1.0.0"
  resolved "https://registry.yarnpkg.com/has-flag/-/has-flag-1.0.0.tgz#9d9e793165ce017a00f00418c43f942a7b1d11fa"
  integrity sha1-nZ55MWXOAXoA8AQYxD+UKnsdEfo=

inherits@2.0.3:
  version "2.0.3"
  resolved "https://registry.yarnpkg.com/inherits/-/inherits-2.0.3.tgz#633c2c83e3da42a502f52466022480f4208261de"
  integrity sha1-Yzwsg+PaQqUC9SRmAiSA9CCCYd4=

lit-element@^2.0.0:
  version "2.2.1"
  resolved "https://registry.yarnpkg.com/lit-element/-/lit-element-2.2.1.tgz#79c94d8cfdc2d73b245656e37991bd1e4811d96f"
  integrity sha512-ipDcgQ1EpW6Va2Z6dWm79jYdimVepO5GL0eYkZrFvdr0OD/1N260Q9DH+K5HXHFrRoC7dOg+ZpED2XE0TgGdXw==
  dependencies:
    lit-html "^1.0.0"

lit-html@^1.0.0:
  version "1.1.2"
  resolved "https://registry.yarnpkg.com/lit-html/-/lit-html-1.1.2.tgz#2e3560a7075210243649c888ad738eaf0daa8374"
  integrity sha512-FFlUMKHKi+qG1x1iHNZ1hrtc/zHmfYTyrSvs3/wBTvaNtpZjOZGWzU7efGYVpgp6KvWeKF6ql9/KsCq6Z/mEDA==

moment@^2.24.0:
  version "2.24.0"
  resolved "https://registry.yarnpkg.com/moment/-/moment-2.24.0.tgz#0d055d53f5052aa653c9f6eb68bb5d12bf5c2b5b"
  integrity sha512-bV7f+6l2QigeBBZSM/6yTNq4P2fNpSWj/0e7jQcy87A8e7o2nAfP/34/2ky5Vw4B9S446EtIhodAzkFCcR4dQg==

samsam@1.1.3:
  version "1.1.3"
  resolved "https://registry.yarnpkg.com/samsam/-/samsam-1.1.3.tgz#9f5087419b4d091f232571e7fa52e90b0f552621"
  integrity sha1-n1CHQZtNCR8jJXHn+lLpCw9VJiE=

supports-color@3.1.2:
  version "3.1.2"
  resolved "https://registry.yarnpkg.com/supports-color/-/supports-color-3.1.2.tgz#72a262894d9d408b956ca05ff37b2ed8a6e2a2d5"
  integrity sha1-cqJiiU2dQIuVbKBf83su2KbiotU=
  dependencies:
    has-flag "^1.0.0"

type-detect@1.0.0:
  version "1.0.0"
  resolved "https://registry.yarnpkg.com/type-detect/-/type-detect-1.0.0.tgz#762217cc06db258ec48908a1298e8b95121e8ea2"
  integrity sha1-diIXzAbbJY7EiQihKY6LlRIejqI=
